lockfileVersion: 5.4

specifiers:
  '@ast-grep/napi': ^0.26.3

dependencies:
  '@ast-grep/napi': 0.26.3

packages:

  /@ast-grep/napi-darwin-arm64/0.26.3:
    resolution: {integrity: sha512-K+YvHBtICshaDQt4dd8TolHApfLJovhbJnjxYrdN+Li8rZbuJ7f03yuNH5InNu0ghrfkvs0F+hKSFUbgdr6wxw==}
    engines: {node: '>= 10'}
    cpu: [arm64]
    os: [darwin]
    requiresBuild: true
    dev: false
    optional: true

  /@ast-grep/napi-darwin-x64/0.26.3:
    resolution: {integrity: sha512-a2l5SM2dlPtSjYb8yd2Xkp3ZW7OSebENlfSd5k2lEn2NmWpNHoBSUaHrLMhs1VSEDnP4k8UP3XSsyaHnuZTjZg==}
    engines: {node: '>= 10'}
    cpu: [x64]
    os: [darwin]
    requiresBuild: true
    dev: false
    optional: true

  /@ast-grep/napi-linux-arm64-gnu/0.26.3:
    resolution: {integrity: sha512-AR/dRZoLapPr/8zCTTezWbGhX66xnuHrJ5p3Swwi8kOF63ugjAmufvjRax4flHSL394ZUUYiI4MWPsQ6uI+qVw==}
    engines: {node: '>= 10'}
    cpu: [arm64]
    os: [linux]
    requiresBuild: true
    dev: false
    optional: true

  /@ast-grep/napi-linux-arm64-musl/0.26.3:
    resolution: {integrity: sha512-Lh06v4uJ8VoJpn/52RRs2T2piTixGbv4K+wmhvWtd9op4OnbNpVWJTQ4RwcC3eTZ/HpIWiFkYLoXM1O1O5soBQ==}
    engines: {node: '>= 10'}
    cpu: [arm64]
    os: [linux]
    requiresBuild: true
    dev: false
    optional: true

  /@ast-grep/napi-linux-x64-gnu/0.26.3:
    resolution: {integrity: sha512-eYGXuPcVGmDrZLD0J6pUFiEcA4PKvfjiN9nEvYnnlMkwZHQmQbET6nAOkV4DGbuWrS8y5gsuJyfNmmyFw2m3nw==}
    engines: {node: '>= 10'}
    cpu: [x64]
    os: [linux]
    requiresBuild: true
    dev: false
    optional: true

  /@ast-grep/napi-linux-x64-musl/0.26.3:
    resolution: {integrity: sha512-Frsk5jdsNVvqcRxyalP3frGdv50R7ElT0hj0b/T6nJI9A6UtUJsbnyTTR4Qm9Q61aEXO/GJpeuZ9p2NUMVDiPA==}
    engines: {node: '>= 10'}
    cpu: [x64]
    os: [linux]
    requiresBuild: true
    dev: false
    optional: true

  /@ast-grep/napi-win32-arm64-msvc/0.26.3:
    resolution: {integrity: sha512-mHBNmbfKh13ocxCYyGqca5X4CvgNxTAQNXtq2u/CH8n4pzEZzW//y1wOHmqDd15IZEor691sUxzLqOqr3SudiQ==}
    engines: {node: '>= 10'}
    cpu: [arm64]
    os: [win32]
    requiresBuild: true
    dev: false
    optional: true

  /@ast-grep/napi-win32-ia32-msvc/0.26.3:
    resolution: {integrity: sha512-aJKJ0rg4i5ixSqzG1aVJ/hbAZfsVrPLq4T4m3TFJDtzs3tu+zQclONyNfuwO0OX5m9P6WTEP/4RHHokRY0OGhA==}
    engines: {node: '>= 10'}
    cpu: [ia32]
    os: [win32]
    requiresBuild: true
    dev: false
    optional: true

  /@ast-grep/napi-win32-x64-msvc/0.26.3:
    resolution: {integrity: sha512-2slJGaaRwNFjSp3o9mjAbjayOgqyHu58BjFW15Mh+SH5op/Hhy3QGc5A56T+zri33P3730q1tIuChWGUTHMg6w==}
    engines: {node: '>= 10'}
    cpu: [x64]
    os: [win32]
    requiresBuild: true
    dev: false
    optional: true

  /@ast-grep/napi/0.26.3:
    resolution: {integrity: sha512-hosdT4fr/Xb7DPxgnBcl4Azbe2rGYoynH8tWxpkIk/I6KiKn22nA0Zww0j3RXBGVYTUwiUK7te7VkDn8eqs8HQ==}
    engines: {node: '>= 10'}
    optionalDependencies:
      '@ast-grep/napi-darwin-arm64': 0.26.3
      '@ast-grep/napi-darwin-x64': 0.26.3
      '@ast-grep/napi-linux-arm64-gnu': 0.26.3
      '@ast-grep/napi-linux-arm64-musl': 0.26.3
      '@ast-grep/napi-linux-x64-gnu': 0.26.3
      '@ast-grep/napi-linux-x64-musl': 0.26.3
      '@ast-grep/napi-win32-arm64-msvc': 0.26.3
      '@ast-grep/napi-win32-ia32-msvc': 0.26.3
      '@ast-grep/napi-win32-x64-msvc': 0.26.3
    dev: false
